{
    "_readme": [
        "This file locks the dependencies of your project to a known state",
        "Read more about it at https://getcomposer.org/doc/01-basic-usage.md#installing-dependencies",
        "This file is @generated automatically"
    ],
    "content-hash": "3789659f661fab9f84bee01c2c0c359e",
    "packages": [],
    "packages-dev": [
        {
            "name": "symfony/deprecation-contracts",
            "version": "dev-main",
            "source": {
                "type": "git",
                "url": "https://github.com/symfony/deprecation-contracts.git",
                "reference": "49dc45a74cbac5fffc6417372a9f5ae1682ca0b4"
            },
            "dist": {
                "type": "zip",
                "url": "https://api.github.com/repos/symfony/deprecation-contracts/zipball/49dc45a74cbac5fffc6417372a9f5ae1682ca0b4",
                "reference": "49dc45a74cbac5fffc6417372a9f5ae1682ca0b4",
                "shasum": ""
            },
            "require": {
                "php": ">=7.1"
            },
            "default-branch": true,
            "type": "library",
            "extra": {
                "branch-alias": {
                    "dev-main": "2.4-dev"
                },
                "thanks": {
                    "name": "symfony/contracts",
                    "url": "https://github.com/symfony/contracts"
                }
            },
            "autoload": {
                "files": [
                    "function.php"
                ]
            },
            "notification-url": "https://packagist.org/downloads/",
            "license": [
                "MIT"
            ],
            "authors": [
                {
                    "name": "Nicolas Grekas",
                    "email": "p@tchwork.com"
                },
                {
                    "name": "Symfony Community",
                    "homepage": "https://symfony.com/contributors"
                }
            ],
            "description": "A generic function and convention to trigger deprecation notices",
            "homepage": "https://symfony.com",
            "support": {
                "source": "https://github.com/symfony/deprecation-contracts/tree/main"
            },
            "funding": [
                {
                    "url": "https://symfony.com/sponsor",
                    "type": "custom"
                },
                {
                    "url": "https://github.com/fabpot",
                    "type": "github"
                },
                {
                    "url": "https://tidelift.com/funding/github/packagist/symfony/symfony",
                    "type": "tidelift"
                }
            ],
            "time": "2021-02-25T16:38:04+00:00"
        },
        {
            "name": "symfony/phpunit-bridge",
            "version": "5.x-dev",
            "source": {
                "type": "git",
                "url": "https://github.com/symfony/phpunit-bridge.git",
                "reference": "b556f2a53490b04a8645569531c31e54f0abafc5"
            },
            "dist": {
                "type": "zip",
                "url": "https://api.github.com/repos/symfony/phpunit-bridge/zipball/b556f2a53490b04a8645569531c31e54f0abafc5",
                "reference": "b556f2a53490b04a8645569531c31e54f0abafc5",
                "shasum": ""
            },
            "require": {
                "php": ">=7.1.3",
                "symfony/deprecation-contracts": "^2.1"
            },
            "conflict": {
                "phpunit/phpunit": "<7.5|9.1.2"
            },
            "require-dev": {
                "symfony/error-handler": "^4.4|^5.0"
            },
            "suggest": {
                "symfony/error-handler": "For tracking deprecated interfaces usages at runtime with DebugClassLoader"
            },
            "default-branch": true,
            "bin": [
                "bin/simple-phpunit"
            ],
            "type": "symfony-bridge",
            "extra": {
                "thanks": {
                    "name": "phpunit/phpunit",
                    "url": "https://github.com/sebastianbergmann/phpunit"
                }
            },
            "autoload": {
                "files": [
                    "bootstrap.php"
                ],
                "psr-4": {
                    "Symfony\\Bridge\\PhpUnit\\": ""
                },
                "exclude-from-classmap": [
                    "/Tests/"
                ]
            },
            "notification-url": "https://packagist.org/downloads/",
            "license": [
                "MIT"
            ],
            "authors": [
                {
                    "name": "Nicolas Grekas",
                    "email": "p@tchwork.com"
                },
                {
                    "name": "Symfony Community",
                    "homepage": "https://symfony.com/contributors"
                }
            ],
            "description": "Provides utilities for PHPUnit, especially user deprecation notices management",
            "homepage": "https://symfony.com",
            "support": {
                "source": "https://github.com/symfony/phpunit-bridge/tree/5.x"
            },
            "funding": [
                {
                    "url": "https://symfony.com/sponsor",
                    "type": "custom"
                },
                {
                    "url": "https://github.com/fabpot",
                    "type": "github"
                },
                {
                    "url": "https://tidelift.com/funding/github/packagist/symfony/symfony",
                    "type": "tidelift"
                }
            ],
            "time": "2021-03-17T17:02:51+00:00"
        }
    ],
    "aliases": [],
    "minimum-stability": "dev",
    "stability-flags": {
        "symfony/phpunit-bridge": 20
    },
    "prefer-stable": false,
    "prefer-lowest": false,
    "platform": {
        "php": ">=7.0",
        "ext-mbstring": "*",
        "ext-json": "*"
    },
    "platform-dev": [],
    "plugin-api-version": "2.0.0"
}
